
Microsoft Visual Studio Solution File, Format Version 12.00
# Visual Studio 14
VisualStudioVersion = 14.0.24720.0
MinimumVisualStudioVersion = 10.0.40219.1
Project("{FAE04EC0-301F-11D3-BF4B-00C04F79EFBC}") = "Pr0gramm", "Pr0gramm\Pr0gramm.csproj", "{F28C97C8-F300-4B74-B960-DA64B99AE1D1}"
EndProject
Project("{FAE04EC0-301F-11D3-BF4B-00C04F79EFBC}") = "Background", "Background\Background.csproj", "{9FE1F4AC-78B6-4151-B0D9-DB67B6A3CAEB}"
EndProject
Project("{FAE04EC0-301F-11D3-BF4B-00C04F79EFBC}") = "Pr0Api", "Pr0Api\Pr0Api.csproj", "{54B0A7E0-0953-497E-88D8-8A9D9AC551D6}"
EndProject
Global
	GlobalSection(SolutionConfigurationPlatforms) = preSolution
		Debug|Any CPU = Debug|Any CPU
		Debug|ARM = Debug|ARM
		Debug|x64 = Debug|x64
		Debug|x86 = Debug|x86
		Release|Any CPU = Release|Any CPU
		Release|ARM = Release|ARM
		Release|x64 = Release|x64
		Release|x86 = Release|x86
	EndGlobalSection
	GlobalSection(ProjectConfigurationPlatforms) = postSolution
		{F28C97C8-F300-4B74-B960-DA64B99AE1D1}.Debug|Any CPU.ActiveCfg = Debug|x86
		{F28C97C8-F300-4B74-B960-DA64B99AE1D1}.Debug|ARM.ActiveCfg = Debug|ARM
		{F28C97C8-F300-4B74-B960-DA64B99AE1D1}.Debug|ARM.Build.0 = Debug|ARM
		{F28C97C8-F300-4B74-B960-DA64B99AE1D1}.Debug|ARM.Deploy.0 = Debug|ARM
		{F28C97C8-F300-4B74-B960-DA64B99AE1D1}.Debug|x64.ActiveCfg = Debug|x64
		{F28C97C8-F300-4B74-B960-DA64B99AE1D1}.Debug|x64.Build.0 = Debug|x64
		{F28C97C8-F300-4B74-B960-DA64B99AE1D1}.Debug|x64.Deploy.0 = Debug|x64
		{F28C97C8-F300-4B74-B960-DA64B99AE1D1}.Debug|x86.ActiveCfg = Debug|x86
		{F28C97C8-F300-4B74-B960-DA64B99AE1D1}.Debug|x86.Build.0 = Debug|x86
		{F28C97C8-F300-4B74-B960-DA64B99AE1D1}.Debug|x86.Deploy.0 = Debug|x86
		{F28C97C8-F300-4B74-B960-DA64B99AE1D1}.Release|Any CPU.ActiveCfg = Release|x86
		{F28C97C8-F300-4B74-B960-DA64B99AE1D1}.Release|ARM.ActiveCfg = Release|ARM
		{F28C97C8-F300-4B74-B960-DA64B99AE1D1}.Release|ARM.Build.0 = Release|ARM
		{F28C97C8-F300-4B74-B960-DA64B99AE1D1}.Release|ARM.Deploy.0 = Release|ARM
		{F28C97C8-F300-4B74-B960-DA64B99AE1D1}.Release|x64.ActiveCfg = Release|x64
		{F28C97C8-F300-4B74-B960-DA64B99AE1D1}.Release|x64.Build.0 = Release|x64
		{F28C97C8-F300-4B74-B960-DA64B99AE1D1}.Release|x64.Deploy.0 = Release|x64
		{F28C97C8-F300-4B74-B960-DA64B99AE1D1}.Release|x86.ActiveCfg = Release|x86
		{F28C97C8-F300-4B74-B960-DA64B99AE1D1}.Release|x86.Build.0 = Release|x86
		{F28C97C8-F300-4B74-B960-DA64B99AE1D1}.Release|x86.Deploy.0 = Release|x86
		{9FE1F4AC-78B6-4151-B0D9-DB67B6A3CAEB}.Debug|Any CPU.ActiveCfg = Debug|Any CPU
		{9FE1F4AC-78B6-4151-B0D9-DB67B6A3CAEB}.Debug|Any CPU.Build.0 = Debug|Any CPU
		{9FE1F4AC-78B6-4151-B0D9-DB67B6A3CAEB}.Debug|ARM.ActiveCfg = Debug|ARM
		{9FE1F4AC-78B6-4151-B0D9-DB67B6A3CAEB}.Debug|ARM.Build.0 = Debug|ARM
		{9FE1F4AC-78B6-4151-B0D9-DB67B6A3CAEB}.Debug|x64.ActiveCfg = Debug|x64
		{9FE1F4AC-78B6-4151-B0D9-DB67B6A3CAEB}.Debug|x64.Build.0 = Debug|x64
		{9FE1F4AC-78B6-4151-B0D9-DB67B6A3CAEB}.Debug|x86.ActiveCfg = Debug|x86
		{9FE1F4AC-78B6-4151-B0D9-DB67B6A3CAEB}.Debug|x86.Build.0 = Debug|x86
		{9FE1F4AC-78B6-4151-B0D9-DB67B6A3CAEB}.Release|Any CPU.ActiveCfg = Release|Any CPU
		{9FE1F4AC-78B6-4151-B0D9-DB67B6A3CAEB}.Release|Any CPU.Build.0 = Release|Any CPU
		{9FE1F4AC-78B6-4151-B0D9-DB67B6A3CAEB}.Release|ARM.ActiveCfg = Release|ARM
		{9FE1F4AC-78B6-4151-B0D9-DB67B6A3CAEB}.Release|ARM.Build.0 = Release|ARM
		{9FE1F4AC-78B6-4151-B0D9-DB67B6A3CAEB}.Release|x64.ActiveCfg = Release|x64
		{9FE1F4AC-78B6-4151-B0D9-DB67B6A3CAEB}.Release|x64.Build.0 = Release|x64
		{9FE1F4AC-78B6-4151-B0D9-DB67B6A3CAEB}.Release|x86.ActiveCfg = Release|x86
		{9FE1F4AC-78B6-4151-B0D9-DB67B6A3CAEB}.Release|x86.Build.0 = Release|x86
		{54B0A7E0-0953-497E-88D8-8A9D9AC551D6}.Debug|Any CPU.ActiveCfg = Debug|Any CPU
		{54B0A7E0-0953-497E-88D8-8A9D9AC551D6}.Debug|Any CPU.Build.0 = Debug|Any CPU
		{54B0A7E0-0953-497E-88D8-8A9D9AC551D6}.Debug|ARM.ActiveCfg = Debug|ARM
		{54B0A7E0-0953-497E-88D8-8A9D9AC551D6}.Debug|ARM.Build.0 = Debug|ARM
		{54B0A7E0-0953-497E-88D8-8A9D9AC551D6}.Debug|x64.ActiveCfg = Debug|x64
		{54B0A7E0-0953-497E-88D8-8A9D9AC551D6}.Debug|x64.Build.0 = Debug|x64
		{54B0A7E0-0953-497E-88D8-8A9D9AC551D6}.Debug|x86.ActiveCfg = Debug|x86
		{54B0A7E0-0953-497E-88D8-8A9D9AC551D6}.Debug|x86.Build.0 = Debug|x86
		{54B0A7E0-0953-497E-88D8-8A9D9AC551D6}.Release|Any CPU.ActiveCfg = Release|Any CPU
		{54B0A7E0-0953-497E-88D8-8A9D9AC551D6}.Release|Any CPU.Build.0 = Release|Any CPU
		{54B0A7E0-0953-497E-88D8-8A9D9AC551D6}.Release|ARM.ActiveCfg = Release|ARM
		{54B0A7E0-0953-497E-88D8-8A9D9AC551D6}.Release|ARM.Build.0 = Release|ARM
		{54B0A7E0-0953-497E-88D8-8A9D9AC551D6}.Release|x64.ActiveCfg = Release|x64
		{54B0A7E0-0953-497E-88D8-8A9D9AC551D6}.Release|x64.Build.0 = Release|x64
		{54B0A7E0-0953-497E-88D8-8A9D9AC551D6}.Release|x86.ActiveCfg = Release|x86
		{54B0A7E0-0953-497E-88D8-8A9D9AC551D6}.Release|x86.Build.0 = Release|x86
	EndGlobalSection
	GlobalSection(SolutionProperties) = preSolution
		HideSolutionNode = FALSE
	EndGlobalSection
EndGlobal
